
Microsoft Visual Studio Solution File, Format Version 12.00
# Visual Studio Version 17
VisualStudioVersion = 17.8.34309.116
MinimumVisualStudioVersion = 10.0.40219.1
Project("{9A19103F-16F7-4668-BE54-9A1E7A4F7556}") = "NQueen", "NQueen.csproj", "{3E205702-BB9F-4E85-813E-CF563E637761}"
EndProject
Global
	GlobalSection(SolutionConfigurationPlatforms) = preSolution
		Debug|Any CPU = Debug|Any CPU
		Release|Any CPU = Release|Any CPU
	EndGlobalSection
	GlobalSection(ProjectConfigurationPlatforms) = postSolution
		{3E205702-BB9F-4E85-813E-CF563E637761}.Debug|Any CPU.ActiveCfg = Debug|Any CPU
		{3E205702-BB9F-4E85-813E-CF563E637761}.Debug|Any CPU.Build.0 = Debug|Any CPU
		{3E205702-BB9F-4E85-813E-CF563E637761}.Release|Any CPU.ActiveCfg = Release|Any CPU
		{3E205702-BB9F-4E85-813E-CF563E637761}.Release|Any CPU.Build.0 = Release|Any CPU
	EndGlobalSection
	GlobalSection(SolutionProperties) = preSolution
		HideSolutionNode = FALSE
	EndGlobalSection
	GlobalSection(ExtensibilityGlobals) = postSolution
		SolutionGuid = {BB4DA81F-F9D5-4EFB-A14A-BEA72E4C0589}
	EndGlobalSection
EndGlobal
